
Microsoft Visual Studio Solution File, Format Version 12.00
# Visual Studio 14
VisualStudioVersion = 14.0.25420.1
MinimumVisualStudioVersion = 10.0.40219.1
Project("{FAE04EC0-301F-11D3-BF4B-00C04F79EFBC}") = "QuizLibrarycf", "QuizLibrarycf\QuizLibrarycf.csproj", "{C50C05B3-C86F-47B9-908F-90E5202BC17C}"
EndProject
Project("{FAE04EC0-301F-11D3-BF4B-00C04F79EFBC}") = "QuizWebAppApi", "QuizWebAppApi\QuizWebAppApi.csproj", "{0AB21483-6C23-4809-AE1B-869A9167D248}"
EndProject
Project("{FAE04EC0-301F-11D3-BF4B-00C04F79EFBC}") = "QuizWebAppApi.Tests", "QuizWebAppApi.Tests\QuizWebAppApi.Tests.csproj", "{AE452906-67BD-48B8-9963-C1B50D4C3C40}"
EndProject
Global
	GlobalSection(SolutionConfigurationPlatforms) = preSolution
		Debug|Any CPU = Debug|Any CPU
		Release|Any CPU = Release|Any CPU
	EndGlobalSection
	GlobalSection(ProjectConfigurationPlatforms) = postSolution
		{C50C05B3-C86F-47B9-908F-90E5202BC17C}.Debug|Any CPU.ActiveCfg = Debug|Any CPU
		{C50C05B3-C86F-47B9-908F-90E5202BC17C}.Debug|Any CPU.Build.0 = Debug|Any CPU
		{C50C05B3-C86F-47B9-908F-90E5202BC17C}.Release|Any CPU.ActiveCfg = Release|Any CPU
		{C50C05B3-C86F-47B9-908F-90E5202BC17C}.Release|Any CPU.Build.0 = Release|Any CPU
		{0AB21483-6C23-4809-AE1B-869A9167D248}.Debug|Any CPU.ActiveCfg = Debug|Any CPU
		{0AB21483-6C23-4809-AE1B-869A9167D248}.Debug|Any CPU.Build.0 = Debug|Any CPU
		{0AB21483-6C23-4809-AE1B-869A9167D248}.Release|Any CPU.ActiveCfg = Release|Any CPU
		{0AB21483-6C23-4809-AE1B-869A9167D248}.Release|Any CPU.Build.0 = Release|Any CPU
		{AE452906-67BD-48B8-9963-C1B50D4C3C40}.Debug|Any CPU.ActiveCfg = Debug|Any CPU
		{AE452906-67BD-48B8-9963-C1B50D4C3C40}.Debug|Any CPU.Build.0 = Debug|Any CPU
		{AE452906-67BD-48B8-9963-C1B50D4C3C40}.Release|Any CPU.ActiveCfg = Release|Any CPU
		{AE452906-67BD-48B8-9963-C1B50D4C3C40}.Release|Any CPU.Build.0 = Release|Any CPU
	EndGlobalSection
	GlobalSection(SolutionProperties) = preSolution
		HideSolutionNode = FALSE
	EndGlobalSection
EndGlobal
